{
  "name": "xls-combiner",
  "version": "1.0.0",
  "lockfileVersion": 1,
  "requires": true,
  "dependencies": {
    "adler-32": {
      "version": "1.1.0",
      "resolved": "http://registry.npm.taobao.org/adler-32/download/adler-32-1.1.0.tgz",
      "integrity": "sha1-A1UaXH8O371PyPoSpoFJeOq2UcM=",
      "requires": {
        "exit-on-epipe": "1.0.1",
        "printj": "1.1.2"
      }
    },
    "async-validator": {
      "version": "1.8.2",
      "resolved": "http://registry.npm.taobao.org/async-validator/download/async-validator-1.8.2.tgz",
      "integrity": "sha1-t3WXIm6WJC+NUxwNRq4pX2JCK6Q=",
      "requires": {
        "babel-runtime": "6.26.0"
      }
    },
    "babel-runtime": {
      "version": "6.26.0",
      "resolved": "http://registry.npm.taobao.org/babel-runtime/download/babel-runtime-6.26.0.tgz",
      "integrity": "sha1-llxwWGaOgrVde/4E/yM3vItWR/4=",
      "requires": {
        "core-js": "2.5.7",
        "regenerator-runtime": "0.11.1"
      }
    },
    "batch-processor": {
      "version": "1.0.0",
      "resolved": "http://registry.npm.taobao.org/batch-processor/download/batch-processor-1.0.0.tgz",
      "integrity": "sha1-dclcMrdI4IUNEMKxaPa9vpiRrOg="
    },
    "bootstrap": {
      "version": "3.3.7",
      "resolved": "http://registry.npm.taobao.org/bootstrap/download/bootstrap-3.3.7.tgz",
      "integrity": "sha1-WjiTlFSfIzMIdaOxUGVldPip63E="
    },
    "cfb": {
      "version": "0.12.1",
      "resolved": "http://registry.npm.taobao.org/cfb/download/cfb-0.12.1.tgz",
      "integrity": "sha1-V/rfqfwxQJsspYpBCeyqrFrRpOw=",
      "requires": {
        "commander": "2.11.0",
        "printj": "1.1.2"
      }
    },
    "codepage": {
      "version": "1.10.2",
      "resolved": "http://registry.npm.taobao.org/codepage/download/codepage-1.10.2.tgz",
      "integrity": "sha1-vr0lIk3GJqAAfqAU4HbOBXN0dp4=",
      "requires": {
        "commander": "2.11.0",
        "exit-on-epipe": "1.0.1",
        "voc": "1.0.0"
      }
    },
    "commander": {
      "version": "2.11.0",
      "resolved": "http://registry.npm.taobao.org/commander/download/commander-2.11.0.tgz",
      "integrity": "sha1-FXFS/R56bI2YpbcVzzdt+SgARWM="
    },
    "core-js": {
      "version": "2.5.7",
      "resolved": "http://registry.npm.taobao.org/core-js/download/core-js-2.5.7.tgz",
      "integrity": "sha1-+XJgj/DOrWi4QaFqky0LGDeRgU4="
    },
    "crc-32": {
      "version": "1.1.1",
      "resolved": "http://registry.npm.taobao.org/crc-32/download/crc-32-1.1.1.tgz",
      "integrity": "sha1-XXOdXkxuNSrYME1zIj1IP+Va240=",
      "requires": {
        "exit-on-epipe": "1.0.1",
        "printj": "1.1.2"
      }
    },
    "deepmerge": {
      "version": "2.1.1",
      "resolved": "http://registry.npm.taobao.org/deepmerge/download/deepmerge-2.1.1.tgz",
      "integrity": "sha1-6GK05F6gVVByv1Hn/Q2YRRcK52g="
    },
    "element-resize-detector": {
      "version": "1.1.14",
      "resolved": "http://registry.npm.taobao.org/element-resize-detector/download/element-resize-detector-1.1.14.tgz",
      "integrity": "sha1-rwZKCmGKggrVcKlcXuxbd74BKME=",
      "requires": {
        "batch-processor": "1.0.0"
      }
    },
    "exit-on-epipe": {
      "version": "1.0.1",
      "resolved": "http://registry.npm.taobao.org/exit-on-epipe/download/exit-on-epipe-1.0.1.tgz",
      "integrity": "sha1-C92S6H1ShdJn2qgXHQ6wYVlolpI="
    },
    "frac": {
      "version": "1.1.2",
      "resolved": "http://registry.npm.taobao.org/frac/download/frac-1.1.2.tgz",
      "integrity": "sha1-PXT39keMiKG1AgMG10fcYxPHTQs="
    },
    "iconv-lite": {
      "version": "0.4.23",
      "resolved": "http://registry.npm.taobao.org/iconv-lite/download/iconv-lite-0.4.23.tgz",
      "integrity": "sha1-KXhx9jvlB63Pv8pxXQzQ7thOmmM=",
      "requires": {
        "safer-buffer": "2.1.2"
      }
    },
    "iview": {
      "version": "2.14.2",
      "resolved": "http://registry.npm.taobao.org/iview/download/iview-2.14.2.tgz",
      "integrity": "sha1-f5ufiKWMwGCBwjkxJLFd9swKv6U=",
      "requires": {
        "async-validator": "1.8.2",
        "deepmerge": "2.1.1",
        "element-resize-detector": "1.1.14",
        "js-calendar": "1.2.3",
        "lodash.throttle": "4.1.1",
        "popper.js": "1.14.3",
        "tinycolor2": "1.4.1",
        "v-click-outside-x": "3.0.1"
      }
    },
    "js-calendar": {
      "version": "1.2.3",
      "resolved": "http://registry.npm.taobao.org/js-calendar/download/js-calendar-1.2.3.tgz",
      "integrity": "sha1-pYOwZEtOaVujlPNE0QPbzHp6fT4="
    },
    "lodash": {
      "version": "4.17.10",
      "resolved": "http://registry.npm.taobao.org/lodash/download/lodash-4.17.10.tgz",
      "integrity": "sha1-G3eTz3JZ6jj7NmHU04syYK+K5Oc="
    },
    "lodash.throttle": {
      "version": "4.1.1",
      "resolved": "http://registry.npm.taobao.org/lodash.throttle/download/lodash.throttle-4.1.1.tgz",
      "integrity": "sha1-wj6RtxAkKscMN/HhzaknTMOb8vQ="
    },
    "popper.js": {
      "version": "1.14.3",
      "resolved": "http://registry.npm.taobao.org/popper.js/download/popper.js-1.14.3.tgz",
      "integrity": "sha1-FDj5jQRqz3tNeM1QK/QYrGTU8JU="
    },
    "printj": {
      "version": "1.1.2",
      "resolved": "http://registry.npm.taobao.org/printj/download/printj-1.1.2.tgz",
      "integrity": "sha1-2Q3rKXWoufYA+zoclOP0xTx4oiI="
    },
    "regenerator-runtime": {
      "version": "0.11.1",
      "resolved": "http://registry.npm.taobao.org/regenerator-runtime/download/regenerator-runtime-0.11.1.tgz",
      "integrity": "sha1-vgWtf5v30i4Fb5cmzuUBf78Z4uk="
    },
    "safer-buffer": {
      "version": "2.1.2",
      "resolved": "http://registry.npm.taobao.org/safer-buffer/download/safer-buffer-2.1.2.tgz",
      "integrity": "sha1-RPoWGwGHuVSd2Eu5GAL5vYOFzWo="
    },
    "ssf": {
      "version": "0.10.2",
      "resolved": "http://registry.npm.taobao.org/ssf/download/ssf-0.10.2.tgz",
      "integrity": "sha1-ZbK0/N/ZZ7yOg4OkE0kAmJMRWXY=",
      "requires": {
        "frac": "1.1.2"
      }
    },
    "tinycolor2": {
      "version": "1.4.1",
      "resolved": "http://registry.npm.taobao.org/tinycolor2/download/tinycolor2-1.4.1.tgz",
      "integrity": "sha1-9PrTM0R7wLB9TcjpIJ2POaisd+g="
    },
    "v-click-outside-x": {
      "version": "3.0.1",
      "resolved": "http://registry.npm.taobao.org/v-click-outside-x/download/v-click-outside-x-3.0.1.tgz",
      "integrity": "sha1-wrtiEI/yaI8U0DvRBlryB8HRCLM="
    },
    "voc": {
      "version": "1.0.0",
      "resolved": "http://registry.npm.taobao.org/voc/download/voc-1.0.0.tgz",
      "integrity": "sha1-VGXAzhHQiB99jjbYylhwQ/M6Ja4="
    },
    "vue": {
      "version": "2.5.16",
      "resolved": "http://registry.npm.taobao.org/vue/download/vue-2.5.16.tgz",
      "integrity": "sha1-B+23XoQSqu7YceuvqZ9GclhKAIU="
    },
    "xlsx": {
      "version": "0.10.9",
      "resolved": "http://registry.npm.taobao.org/xlsx/download/xlsx-0.10.9.tgz",
      "integrity": "sha1-LEPYwE7CUh1hlVKHJG6o3v4ZJ18=",
      "requires": {
        "adler-32": "1.1.0",
        "cfb": "0.12.1",
        "codepage": "1.10.2",
        "commander": "2.11.0",
        "crc-32": "1.1.1",
        "exit-on-epipe": "1.0.1",
        "ssf": "0.10.2"
      }
    }
  }
}
